
Microsoft Visual Studio Solution File, Format Version 12.00
# Visual Studio Version 17
VisualStudioVersion = 17.4.33205.214
MinimumVisualStudioVersion = 10.0.40219.1
Project("{FAE04EC0-301F-11D3-BF4B-00C04F79EFBC}") = "Gifsicle-GUI", "Gifsicle-GUI\Gifsicle-GUI.csproj", "{24093014-A6BD-44D3-8965-C131C5F063B5}"
EndProject
Global
	GlobalSection(SolutionConfigurationPlatforms) = preSolution
		Debug|Any CPU = Debug|Any CPU
		Release|Any CPU = Release|Any CPU
	EndGlobalSection
	GlobalSection(ProjectConfigurationPlatforms) = postSolution
		{24093014-A6BD-44D3-8965-C131C5F063B5}.Debug|Any CPU.ActiveCfg = Debug|Any CPU
		{24093014-A6BD-44D3-8965-C131C5F063B5}.Debug|Any CPU.Build.0 = Debug|Any CPU
		{24093014-A6BD-44D3-8965-C131C5F063B5}.Release|Any CPU.ActiveCfg = Release|Any CPU
		{24093014-A6BD-44D3-8965-C131C5F063B5}.Release|Any CPU.Build.0 = Release|Any CPU
	EndGlobalSection
	GlobalSection(SolutionProperties) = preSolution
		HideSolutionNode = FALSE
	EndGlobalSection
	GlobalSection(ExtensibilityGlobals) = postSolution
		SolutionGuid = {563E28B2-8EE4-4DDC-B94F-1632C2B5F218}
	EndGlobalSection
EndGlobal
